
Microsoft Visual Studio Solution File, Format Version 12.00
# Visual Studio Version 16
VisualStudioVersion = 16.0.31613.86
MinimumVisualStudioVersion = 10.0.40219.1
Project("{FAE04EC0-301F-11D3-BF4B-00C04F79EFBC}") = "HW9Project1", "HW9Project1\HW9Project1.csproj", "{9AB93BE3-7E17-4E44-8139-487177FB1EDB}"
EndProject
Global
	GlobalSection(SolutionConfigurationPlatforms) = preSolution
		Debug|Any CPU = Debug|Any CPU
		Release|Any CPU = Release|Any CPU
	EndGlobalSection
	GlobalSection(ProjectConfigurationPlatforms) = postSolution
		{9AB93BE3-7E17-4E44-8139-487177FB1EDB}.Debug|Any CPU.ActiveCfg = Debug|Any CPU
		{9AB93BE3-7E17-4E44-8139-487177FB1EDB}.Debug|Any CPU.Build.0 = Debug|Any CPU
		{9AB93BE3-7E17-4E44-8139-487177FB1EDB}.Release|Any CPU.ActiveCfg = Release|Any CPU
		{9AB93BE3-7E17-4E44-8139-487177FB1EDB}.Release|Any CPU.Build.0 = Release|Any CPU
	EndGlobalSection
	GlobalSection(SolutionProperties) = preSolution
		HideSolutionNode = FALSE
	EndGlobalSection
	GlobalSection(ExtensibilityGlobals) = postSolution
		SolutionGuid = {2AF5071C-9273-4E17-93CD-057776F36F7E}
	EndGlobalSection
EndGlobal
